
Microsoft Visual Studio Solution File, Format Version 12.00
# Visual Studio Version 17
VisualStudioVersion = 17.8.34330.188
MinimumVisualStudioVersion = 10.0.40219.1
Project("{FAE04EC0-301F-11D3-BF4B-00C04F79EFBC}") = "Ans.Net8.Web", "Ans.Net8.Web.csproj", "{EB908DEC-8247-49E0-9594-B30E4424EDC0}"
EndProject
Project("{9A19103F-16F7-4668-BE54-9A1E7A4F7556}") = "Ans.Net8.Common", "..\Ans.Net8.Common\Ans.Net8.Common.csproj", "{9069B36C-6F08-45F9-BA99-524D346E946D}"
EndProject
Global
	GlobalSection(SolutionConfigurationPlatforms) = preSolution
		Debug|Any CPU = Debug|Any CPU
		Release|Any CPU = Release|Any CPU
	EndGlobalSection
	GlobalSection(ProjectConfigurationPlatforms) = postSolution
		{EB908DEC-8247-49E0-9594-B30E4424EDC0}.Debug|Any CPU.ActiveCfg = Debug|Any CPU
		{EB908DEC-8247-49E0-9594-B30E4424EDC0}.Debug|Any CPU.Build.0 = Debug|Any CPU
		{EB908DEC-8247-49E0-9594-B30E4424EDC0}.Release|Any CPU.ActiveCfg = Release|Any CPU
		{EB908DEC-8247-49E0-9594-B30E4424EDC0}.Release|Any CPU.Build.0 = Release|Any CPU
		{9069B36C-6F08-45F9-BA99-524D346E946D}.Debug|Any CPU.ActiveCfg = Debug|Any CPU
		{9069B36C-6F08-45F9-BA99-524D346E946D}.Debug|Any CPU.Build.0 = Debug|Any CPU
		{9069B36C-6F08-45F9-BA99-524D346E946D}.Release|Any CPU.ActiveCfg = Release|Any CPU
		{9069B36C-6F08-45F9-BA99-524D346E946D}.Release|Any CPU.Build.0 = Release|Any CPU
	EndGlobalSection
	GlobalSection(SolutionProperties) = preSolution
		HideSolutionNode = FALSE
	EndGlobalSection
	GlobalSection(ExtensibilityGlobals) = postSolution
		SolutionGuid = {3A232452-A65B-4C2B-AFB0-73FC45871B6A}
	EndGlobalSection
EndGlobal
