
Microsoft Visual Studio Solution File, Format Version 12.00
# Visual Studio Version 17
VisualStudioVersion = 17.8.34309.116
MinimumVisualStudioVersion = 10.0.40219.1
Project("{FAE04EC0-301F-11D3-BF4B-00C04F79EFBC}") = "Ans.Net8.Web", "Ans.Net8.Web.csproj", "{C493F2F9-FC6E-46D5-B729-B3A713EF6494}"
EndProject
Project("{9A19103F-16F7-4668-BE54-9A1E7A4F7556}") = "Ans.Net8.Common", "..\Ans.Net8.Common\Ans.Net8.Common.csproj", "{031E56EE-7E77-4D36-8494-54E559B5868D}"
EndProject
Global
	GlobalSection(SolutionConfigurationPlatforms) = preSolution
		Debug|Any CPU = Debug|Any CPU
		Release|Any CPU = Release|Any CPU
	EndGlobalSection
	GlobalSection(ProjectConfigurationPlatforms) = postSolution
		{C493F2F9-FC6E-46D5-B729-B3A713EF6494}.Debug|Any CPU.ActiveCfg = Debug|Any CPU
		{C493F2F9-FC6E-46D5-B729-B3A713EF6494}.Debug|Any CPU.Build.0 = Debug|Any CPU
		{C493F2F9-FC6E-46D5-B729-B3A713EF6494}.Release|Any CPU.ActiveCfg = Release|Any CPU
		{C493F2F9-FC6E-46D5-B729-B3A713EF6494}.Release|Any CPU.Build.0 = Release|Any CPU
		{031E56EE-7E77-4D36-8494-54E559B5868D}.Debug|Any CPU.ActiveCfg = Debug|Any CPU
		{031E56EE-7E77-4D36-8494-54E559B5868D}.Debug|Any CPU.Build.0 = Debug|Any CPU
		{031E56EE-7E77-4D36-8494-54E559B5868D}.Release|Any CPU.ActiveCfg = Release|Any CPU
		{031E56EE-7E77-4D36-8494-54E559B5868D}.Release|Any CPU.Build.0 = Release|Any CPU
	EndGlobalSection
	GlobalSection(SolutionProperties) = preSolution
		HideSolutionNode = FALSE
	EndGlobalSection
	GlobalSection(ExtensibilityGlobals) = postSolution
		SolutionGuid = {63CC4B10-E4E0-4A52-9DE4-654B5A630753}
	EndGlobalSection
EndGlobal
